
Microsoft Visual Studio Solution File, Format Version 12.00
# Visual Studio Version 16
VisualStudioVersion = 16.0.31702.278
MinimumVisualStudioVersion = 10.0.40219.1
Project("{FAE04EC0-301F-11D3-BF4B-00C04F79EFBC}") = "SoftwareManage", "SoftwareManage.csproj", "{262748EF-2107-493D-94B4-EF4D2BFDFAF2}"
EndProject
Project("{FAE04EC0-301F-11D3-BF4B-00C04F79EFBC}") = "Communication", "..\Communication\Communication.csproj", "{014D3F39-1358-446C-93FA-70218D369108}"
EndProject
Project("{FAE04EC0-301F-11D3-BF4B-00C04F79EFBC}") = "Controls", "..\Controls\Controls.csproj", "{F6E1D2DB-8AE5-47E6-8F75-C60A0629C935}"
EndProject
Global
	GlobalSection(SolutionConfigurationPlatforms) = preSolution
		Debug|Any CPU = Debug|Any CPU
		Release|Any CPU = Release|Any CPU
	EndGlobalSection
	GlobalSection(ProjectConfigurationPlatforms) = postSolution
		{262748EF-2107-493D-94B4-EF4D2BFDFAF2}.Debug|Any CPU.ActiveCfg = Debug|Any CPU
		{262748EF-2107-493D-94B4-EF4D2BFDFAF2}.Debug|Any CPU.Build.0 = Debug|Any CPU
		{262748EF-2107-493D-94B4-EF4D2BFDFAF2}.Release|Any CPU.ActiveCfg = Release|Any CPU
		{262748EF-2107-493D-94B4-EF4D2BFDFAF2}.Release|Any CPU.Build.0 = Release|Any CPU
		{014D3F39-1358-446C-93FA-70218D369108}.Debug|Any CPU.ActiveCfg = Debug|Any CPU
		{014D3F39-1358-446C-93FA-70218D369108}.Debug|Any CPU.Build.0 = Debug|Any CPU
		{014D3F39-1358-446C-93FA-70218D369108}.Release|Any CPU.ActiveCfg = Release|Any CPU
		{014D3F39-1358-446C-93FA-70218D369108}.Release|Any CPU.Build.0 = Release|Any CPU
		{F6E1D2DB-8AE5-47E6-8F75-C60A0629C935}.Debug|Any CPU.ActiveCfg = Debug|Any CPU
		{F6E1D2DB-8AE5-47E6-8F75-C60A0629C935}.Debug|Any CPU.Build.0 = Debug|Any CPU
		{F6E1D2DB-8AE5-47E6-8F75-C60A0629C935}.Release|Any CPU.ActiveCfg = Release|Any CPU
		{F6E1D2DB-8AE5-47E6-8F75-C60A0629C935}.Release|Any CPU.Build.0 = Release|Any CPU
	EndGlobalSection
	GlobalSection(SolutionProperties) = preSolution
		HideSolutionNode = FALSE
	EndGlobalSection
	GlobalSection(ExtensibilityGlobals) = postSolution
		SolutionGuid = {38E77420-B6FE-442F-999F-FE79F8C670E6}
	EndGlobalSection
EndGlobal
